{
  "version": "4",
  "specifiers": {
    "jsr:@deno/gfm@0.10.0": "0.10.0",
    "jsr:@denosaurs/emoji@0.3": "0.3.1",
    "npm:github-slugger@2": "2.0.0",
    "npm:he@^1.2.0": "1.2.0",
    "npm:katex@0.16": "0.16.21",
    "npm:marked-alert@2": "2.1.2_marked@12.0.2",
    "npm:marked-footnote@^1.2.0": "1.2.4_marked@12.0.2",
    "npm:marked-gfm-heading-id@^3.1.0": "3.2.0_marked@12.0.2",
    "npm:marked@12": "12.0.2",
    "npm:prismjs@^1.29.0": "1.29.0",
    "npm:sanitize-html@^2.13.0": "2.14.0"
  },
  "jsr": {
    "@deno/gfm@0.10.0": {
      "integrity": "51708205e3559a4aeb6afb29d07c5bfafe7941f91bb360351ef6621de9a39527",
      "dependencies": [
        "jsr:@denosaurs/emoji",
        "npm:github-slugger",
        "npm:he",
        "npm:katex",
        "npm:marked",
        "npm:marked-alert",
        "npm:marked-footnote",
        "npm:marked-gfm-heading-id",
        "npm:prismjs",
        "npm:sanitize-html"
      ]
    },
    "@denosaurs/emoji@0.3.1": {
      "integrity": "b0aed5f55dec99e83da7c9637fe0a36d1d6252b7c99deaaa3fc5dea3fcf3da8b"
    }
  },
  "npm": {
    "commander@8.3.0": {
      "integrity": "sha512-OkTL9umf+He2DZkUq8f8J9of7yL6RJKI24dVITBmNfZBmri9zYZQrKkuXiKhyfPSu8tUhnVBB1iKXevvnlR4Ww=="
    },
    "deepmerge@4.3.1": {
      "integrity": "sha512-3sUqbMEc77XqpdNO7FRyRog+eW3ph+GYCbj+rK+uYyRMuwsVy0rMiVtPn+QJlKFvWP/1PYpapqYn0Me2knFn+A=="
    },
    "dom-serializer@2.0.0": {
      "integrity": "sha512-wIkAryiqt/nV5EQKqQpo3SToSOV9J0DnbJqwK7Wv/Trc92zIAYZ4FlMu+JPFW1DfGFt81ZTCGgDEabffXeLyJg==",
      "dependencies": [
        "domelementtype",
        "domhandler",
        "entities"
      ]
    },
    "domelementtype@2.3.0": {
      "integrity": "sha512-OLETBj6w0OsagBwdXnPdN0cnMfF9opN69co+7ZrbfPGrdpPVNBUj02spi6B1N7wChLQiPn4CSH/zJvXw56gmHw=="
    },
    "domhandler@5.0.3": {
      "integrity": "sha512-cgwlv/1iFQiFnU96XXgROh8xTeetsnJiDsTc7TYCLFd9+/WNkIqPTxiM/8pSd8VIrhXGTf1Ny1q1hquVqDJB5w==",
      "dependencies": [
        "domelementtype"
      ]
    },
    "domutils@3.2.2": {
      "integrity": "sha512-6kZKyUajlDuqlHKVX1w7gyslj9MPIXzIFiz/rGu35uC1wMi+kMhQwGhl4lt9unC9Vb9INnY9Z3/ZA3+FhASLaw==",
      "dependencies": [
        "dom-serializer",
        "domelementtype",
        "domhandler"
      ]
    },
    "entities@4.5.0": {
      "integrity": "sha512-V0hjH4dGPh9Ao5p0MoRY6BVqtwCjhz6vI5LT8AJ55H+4g9/4vbHx1I54fS0XuclLhDHArPQCiMjDxjaL8fPxhw=="
    },
    "escape-string-regexp@4.0.0": {
      "integrity": "sha512-TtpcNJ3XAzx3Gq8sWRzJaVajRs0uVxA2YAkdb1jm2YkPz4G6egUFAyA3n5vtEIZefPk5Wa4UXbKuS5fKkJWdgA=="
    },
    "github-slugger@2.0.0": {
      "integrity": "sha512-IaOQ9puYtjrkq7Y0Ygl9KDZnrf/aiUJYUpVf89y8kyaxbRG7Y1SrX/jaumrv81vc61+kiMempujsM3Yw7w5qcw=="
    },
    "he@1.2.0": {
      "integrity": "sha512-F/1DnUGPopORZi0ni+CvrCgHQ5FyEAHRLSApuYWMmrbSwoN2Mn/7k+Gl38gJnR7yyDZk6WLXwiGod1JOWNDKGw=="
    },
    "htmlparser2@8.0.2": {
      "integrity": "sha512-GYdjWKDkbRLkZ5geuHs5NY1puJ+PXwP7+fHPRz06Eirsb9ugf6d8kkXav6ADhcODhFFPMIXyxkxSuMf3D6NCFA==",
      "dependencies": [
        "domelementtype",
        "domhandler",
        "domutils",
        "entities"
      ]
    },
    "is-plain-object@5.0.0": {
      "integrity": "sha512-VRSzKkbMm5jMDoKLbltAkFQ5Qr7VDiTFGXxYFXXowVj387GeGNOCsOH6Msy00SGZ3Fp84b1Naa1psqgcCIEP5Q=="
    },
    "katex@0.16.21": {
      "integrity": "sha512-XvqR7FgOHtWupfMiigNzmh+MgUVmDGU2kXZm899ZkPfcuoPuFxyHmXsgATDpFZDAXCI8tvinaVcDo8PIIJSo4A==",
      "dependencies": [
        "commander"
      ]
    },
    "marked-alert@2.1.2_marked@12.0.2": {
      "integrity": "sha512-EFNRZ08d8L/iEIPLTlQMDjvwIsj03gxWCczYTht6DCiHJIZhMk4NK5gtPY9UqAYb09eV5VGT+jD4lp396E0I+w==",
      "dependencies": [
        "marked"
      ]
    },
    "marked-footnote@1.2.4_marked@12.0.2": {
      "integrity": "sha512-DB2Kl+wFh6YwZd70qABMY6WUkG1UuyqoNTFoDfGyG79Pz24neYtLBkB+45a7o72V7gkfvbC3CGzIYFobxfMT1Q==",
      "dependencies": [
        "marked"
      ]
    },
    "marked-gfm-heading-id@3.2.0_marked@12.0.2": {
      "integrity": "sha512-Xfxpr5lXLDLY10XqzSCA9l2dDaiabQUgtYM9hw8yunyVsB/xYBRpiic6BOiY/EAJw1ik1eWr1ET1HKOAPZBhXg==",
      "dependencies": [
        "github-slugger",
        "marked"
      ]
    },
    "marked@12.0.2": {
      "integrity": "sha512-qXUm7e/YKFoqFPYPa3Ukg9xlI5cyAtGmyEIzMfW//m6kXwCy2Ps9DYf5ioijFKQ8qyuscrHoY04iJGctu2Kg0Q=="
    },
    "nanoid@3.3.8": {
      "integrity": "sha512-WNLf5Sd8oZxOm+TzppcYk8gVOgP+l58xNy58D0nbUnOxOWRWvlcCV4kUF7ltmI6PsrLl/BgKEyS4mqsGChFN0w=="
    },
    "parse-srcset@1.0.2": {
      "integrity": "sha512-/2qh0lav6CmI15FzA3i/2Bzk2zCgQhGMkvhOhKNcBVQ1ldgpbfiNTVslmooUmWJcADi1f1kIeynbDRVzNlfR6Q=="
    },
    "picocolors@1.1.1": {
      "integrity": "sha512-xceH2snhtb5M9liqDsmEw56le376mTZkEX/jEb/RxNFyegNul7eNslCXP9FDj/Lcu0X8KEyMceP2ntpaHrDEVA=="
    },
    "postcss@8.5.1": {
      "integrity": "sha512-6oz2beyjc5VMn/KV1pPw8fliQkhBXrVn1Z3TVyqZxU8kZpzEKhBdmCFqI6ZbmGtamQvQGuU1sgPTk8ZrXDD7jQ==",
      "dependencies": [
        "nanoid",
        "picocolors",
        "source-map-js"
      ]
    },
    "prismjs@1.29.0": {
      "integrity": "sha512-Kx/1w86q/epKcmte75LNrEoT+lX8pBpavuAbvJWRXar7Hz8jrtF+e3vY751p0R8H9HdArwaCTNDDzHg/ScJK1Q=="
    },
    "sanitize-html@2.14.0": {
      "integrity": "sha512-CafX+IUPxZshXqqRaG9ZClSlfPVjSxI0td7n07hk8QO2oO+9JDnlcL8iM8TWeOXOIBFgIOx6zioTzM53AOMn3g==",
      "dependencies": [
        "deepmerge",
        "escape-string-regexp",
        "htmlparser2",
        "is-plain-object",
        "parse-srcset",
        "postcss"
      ]
    },
    "source-map-js@1.2.1": {
      "integrity": "sha512-UXWMKhLOwVKb728IUtQPXxfYU+usdybtUrK/8uGE8CQMvrhOpwvzDBwj0QhSL7MQc7vIsISBG8VQ8+IDQxpfQA=="
    }
  },
  "redirects": {
    "https://esm.sh/github-slugger@^2.0.0?target=denonext": "https://esm.sh/github-slugger@2.0.0?target=denonext",
    "https://esm.sh/marked-mangle@v1.1.0/": "https://esm.sh/marked-mangle@1.1.0",
    "https://esm.sh/sax@^1.2.4?target=denonext": "https://esm.sh/sax@1.4.1?target=denonext",
    "https://esm.sh/xml-js@^1.6.11?target=denonext": "https://esm.sh/xml-js@1.6.11?target=denonext"
  },
  "remote": {
    "https://deno.land/std@0.120.0/async/deadline.ts": "1d6ac7aeaee22f75eb86e4e105d6161118aad7b41ae2dd14f4cfd3bf97472b93",
    "https://deno.land/std@0.120.0/async/debounce.ts": "b2f693e4baa16b62793fd618de6c003b63228db50ecfe3bd51fc5f6dc0bc264b",
    "https://deno.land/std@0.120.0/async/deferred.ts": "ab60d46ba561abb3b13c0c8085d05797a384b9f182935f051dc67136817acdee",
    "https://deno.land/std@0.120.0/async/delay.ts": "f2d8ccaa8ebc26594bd8b0989edfd8a96257a714c1dee2fb54d986e5bdd840ac",
    "https://deno.land/std@0.120.0/async/mod.ts": "78425176fabea7bd1046ce3819fd69ce40da85c83e0f174d17e8e224a91f7d10",
    "https://deno.land/std@0.120.0/async/mux_async_iterator.ts": "62abff3af9ff619e8f2adc96fc70d4ca020fa48a50c23c13f12d02ed2b760dbe",
    "https://deno.land/std@0.120.0/async/pool.ts": "353ce4f91865da203a097aa6f33de8966340c91b6f4a055611c8c5d534afd12f",
    "https://deno.land/std@0.120.0/async/tee.ts": "3e9f2ef6b36e55188de16a667c702ace4ad0cf84e3720379160e062bf27348ad",
    "https://deno.land/std@0.120.0/fmt/colors.ts": "8368ddf2d48dfe413ffd04cdbb7ae6a1009cf0dccc9c7ff1d76259d9c61a0621",
    "https://deno.land/std@0.120.0/http/http_status.ts": "2ff185827bff21c7be2807fcb09a6a2166464ba57fcd94afe805abab8e09070a",
    "https://deno.land/std@0.176.0/_util/asserts.ts": "178dfc49a464aee693a7e285567b3d0b555dc805ff490505a8aae34f9cfb1462",
    "https://deno.land/std@0.176.0/_util/os.ts": "d932f56d41e4f6a6093d56044e29ce637f8dcc43c5a90af43504a889cf1775e3",
    "https://deno.land/std@0.176.0/fs/_util.ts": "65381f341af1ff7f40198cee15c20f59951ac26e51ddc651c5293e24f9ce6f32",
    "https://deno.land/std@0.176.0/fs/walk.ts": "ea95ffa6500c1eda6b365be488c056edc7c883a1db41ef46ec3bf057b1c0fe32",
    "https://deno.land/std@0.176.0/path/_constants.ts": "e49961f6f4f48039c0dfed3c3f93e963ca3d92791c9d478ac5b43183413136e0",
    "https://deno.land/std@0.176.0/path/_interface.ts": "6471159dfbbc357e03882c2266d21ef9afdb1e4aa771b0545e90db58a0ba314b",
    "https://deno.land/std@0.176.0/path/_util.ts": "d7abb1e0dea065f427b89156e28cdeb32b045870acdf865833ba808a73b576d0",
    "https://deno.land/std@0.176.0/path/common.ts": "ee7505ab01fd22de3963b64e46cff31f40de34f9f8de1fff6a1bd2fe79380000",
    "https://deno.land/std@0.176.0/path/glob.ts": "d479e0a695621c94d3fd7fe7abd4f9499caf32a8de13f25073451c6ef420a4e1",
    "https://deno.land/std@0.176.0/path/mod.ts": "4b83694ac500d7d31b0cdafc927080a53dc0c3027eb2895790fb155082b0d232",
    "https://deno.land/std@0.176.0/path/posix.ts": "8b7c67ac338714b30c816079303d0285dd24af6b284f7ad63da5b27372a2c94d",
    "https://deno.land/std@0.176.0/path/separator.ts": "0fb679739d0d1d7bf45b68dacfb4ec7563597a902edbaf3c59b50d5bcadd93b1",
    "https://deno.land/std@0.176.0/path/win32.ts": "d186344e5583bcbf8b18af416d13d82b35a317116e6460a5a3953508c3de5bba",
    "https://deno.land/std@0.187.0/async/pool.ts": "f1b8d3df4d7fd3c73f8cbc91cc2e8b8e950910f1eab94230b443944d7584c657",
    "https://deno.land/std@0.193.0/_util/asserts.ts": "178dfc49a464aee693a7e285567b3d0b555dc805ff490505a8aae34f9cfb1462",
    "https://deno.land/std@0.193.0/_util/os.ts": "d932f56d41e4f6a6093d56044e29ce637f8dcc43c5a90af43504a889cf1775e3",
    "https://deno.land/std@0.193.0/async/abortable.ts": "fd682fa46f3b7b16b4606a5ab52a7ce309434b76f820d3221bdfb862719a15d7",
    "https://deno.land/std@0.193.0/async/deadline.ts": "58f72a3cc0fcb731b2cc055ba046f4b5be3349ff6bf98f2e793c3b969354aab2",
    "https://deno.land/std@0.193.0/async/debounce.ts": "adab11d04ca38d699444ac8a9d9856b4155e8dda2afd07ce78276c01ea5a4332",
    "https://deno.land/std@0.193.0/async/deferred.ts": "42790112f36a75a57db4a96d33974a936deb7b04d25c6084a9fa8a49f135def8",
    "https://deno.land/std@0.193.0/async/delay.ts": "73aa04cec034c84fc748c7be49bb15cac3dd43a57174bfdb7a4aec22c248f0dd",
    "https://deno.land/std@0.193.0/async/mod.ts": "f04344fa21738e5ad6bea37a6bfffd57c617c2d372bb9f9dcfd118a1b622e576",
    "https://deno.land/std@0.193.0/async/mux_async_iterator.ts": "70c7f2ee4e9466161350473ad61cac0b9f115cff4c552eaa7ef9d50c4cbb4cc9",
    "https://deno.land/std@0.193.0/async/pool.ts": "f1b8d3df4d7fd3c73f8cbc91cc2e8b8e950910f1eab94230b443944d7584c657",
    "https://deno.land/std@0.193.0/async/retry.ts": "b1ccf653954a4e52b3d9731e57d18b864e689a7462e78fb20440b11be9905080",
    "https://deno.land/std@0.193.0/async/tee.ts": "47e42d35f622650b02234d43803d0383a89eb4387e1b83b5a40106d18ae36757",
    "https://deno.land/std@0.193.0/bytes/copy.ts": "939d89e302a9761dcf1d9c937c7711174ed74c59eef40a1e4569a05c9de88219",
    "https://deno.land/std@0.193.0/collections/_utils.ts": "5114abc026ddef71207a79609b984614e66a63a4bda17d819d56b0e72c51527e",
    "https://deno.land/std@0.193.0/collections/deep_merge.ts": "d4628270ec6325055b95162df05b8543961b6f5b2a56f7cc46b730cc2c7b84ab",
    "https://deno.land/std@0.193.0/datetime/to_imf.ts": "8f9c0af8b167031ffe2e03da01a12a3b0672cc7562f89c61942a0ab0129771b2",
    "https://deno.land/std@0.193.0/encoding/base64.ts": "144ae6234c1fbe5b68666c711dc15b1e9ee2aef6d42b3b4345bf9a6c91d70d0d",
    "https://deno.land/std@0.193.0/flags/mod.ts": "17f444ddbee43c5487568de0c6a076c7729cfe90d96d2ffcd2b8f8adadafb6e8",
    "https://deno.land/std@0.193.0/fmt/bytes.ts": "f29cf69e0791d375f9f5d94ae1f0641e5a03b975f32ddf86d70f70fdf37e7b6a",
    "https://deno.land/std@0.193.0/fmt/colors.ts": "d67e3cd9f472535241a8e410d33423980bec45047e343577554d3356e1f0ef4e",
    "https://deno.land/std@0.193.0/front_matter/any.ts": "e69b749d9690d0c914af607e46c816f7389c35df7a8990f1c230874628e97b38",
    "https://deno.land/std@0.193.0/front_matter/mod.ts": "f817a339f595482cd2c98d47e8009fbc82a965247495dc4114e680ed75bcb782",
    "https://deno.land/std@0.193.0/fs/_util.ts": "fbf57dcdc9f7bc8128d60301eece608246971a7836a3bb1e78da75314f08b978",
    "https://deno.land/std@0.193.0/fs/walk.ts": "920be35a7376db6c0b5b1caf1486fb962925e38c9825f90367f8f26b5e5d0897",
    "https://deno.land/std@0.193.0/http/_negotiation/common.ts": "14d1a52427ab258a4b7161cd80e1d8a207b7cc64b46e911780f57ead5f4323c6",
    "https://deno.land/std@0.193.0/http/_negotiation/encoding.ts": "ff747d107277c88cb7a6a62a08eeb8d56dad91564cbcccb30694d5dc126dcc53",
    "https://deno.land/std@0.193.0/http/_negotiation/language.ts": "7bcddd8db3330bdb7ce4fc00a213c5547c1968139864201efd67ef2d0d51887d",
    "https://deno.land/std@0.193.0/http/_negotiation/media_type.ts": "58847517cd549384ad677c0fe89e0a4815be36fe7a303ea63cee5f6a1d7e1692",
    "https://deno.land/std@0.193.0/http/cookie.ts": "934f92d871d50852dbd7a836d721df5a9527b14381db16001b40991d30174ee4",
    "https://deno.land/std@0.193.0/http/cookie_map.ts": "d148a5eaf35f19905dd5104126fa47ac71105306dd42f129732365e43108b28a",
    "https://deno.land/std@0.193.0/http/etag.ts": "6ad8abbbb1045aabf2307959a2c5565054a8bf01c9824ddee836b1ff22706a58",
    "https://deno.land/std@0.193.0/http/file_server.ts": "2349d927be838b32a965ba435d0e8351932b79186fa582ea2d7168b6b53ba36e",
    "https://deno.land/std@0.193.0/http/http_errors.ts": "bbda34819060af86537cecc9dc8e045f877130808b7e7acde4197c5328e852d0",
    "https://deno.land/std@0.193.0/http/http_status.ts": "8a7bcfe3ac025199ad804075385e57f63d055b2aed539d943ccc277616d6f932",
    "https://deno.land/std@0.193.0/http/method.ts": "e66c2a015cb46c21ab0bb3589aa4fca43143a506cb324ffdfd42d2edef7bc0c4",
    "https://deno.land/std@0.193.0/http/mod.ts": "525fb1b3b1e0d297facb08d8cf84c4908f8fadfc3f3f22809185510967279ef7",
    "https://deno.land/std@0.193.0/http/negotiation.ts": "46e74a6bad4b857333a58dc5b50fe8e5a4d5267e97292293ea65f980bd918086",
    "https://deno.land/std@0.193.0/http/server.ts": "1b23463b5b36e4eebc495417f6af47a6f7d52e3294827a1226d2a1aab23d9d20",
    "https://deno.land/std@0.193.0/http/server_sent_event.ts": "1f3597d175e8935123306a24d7f4423a463667a70953d17b4115af1880459d55",
    "https://deno.land/std@0.193.0/http/user_agent.ts": "6f4308670f261118cc6a1518bf37431a5b4f21322b4a4edf0963e182264ce404",
    "https://deno.land/std@0.193.0/http/util.ts": "4cf044067febaa26d0830e356b0f3a5f76d701a60d7ff7a516fad7b192f4c3a7",
    "https://deno.land/std@0.193.0/io/buffer.ts": "17f4410eaaa60a8a85733e8891349a619eadfbbe42e2f319283ce2b8f29723ab",
    "https://deno.land/std@0.193.0/media_types/_db.ts": "7606d83e31f23ce1a7968cbaee852810c2cf477903a095696cdc62eaab7ce570",
    "https://deno.land/std@0.193.0/media_types/_util.ts": "916efbd30b6148a716f110e67a4db29d6949bf4048997b754415dd7e42c52378",
    "https://deno.land/std@0.193.0/media_types/content_type.ts": "ad98a5aa2d95f5965b2796072284258710a25e520952376ed432b0937ce743bc",
    "https://deno.land/std@0.193.0/media_types/format_media_type.ts": "f5e1073c05526a6f5a516ac5c5587a1abd043bf1039c71cde1166aa4328c8baf",
    "https://deno.land/std@0.193.0/media_types/get_charset.ts": "18b88274796fda5d353806bf409eb1d2ddb3f004eb4bd311662c4cdd8ac173db",
    "https://deno.land/std@0.193.0/media_types/parse_media_type.ts": "835c4112e1357e95b4f10d7cdea5ae1801967e444f48673ff8f1cb4d32af9920",
    "https://deno.land/std@0.193.0/media_types/type_by_extension.ts": "daa801eb0f11cdf199445d0f1b656cf116d47dcf9e5b85cc1e6b4469f5ee0432",
    "https://deno.land/std@0.193.0/media_types/vendor/mime-db.v1.52.0.ts": "6925bbcae81ca37241e3f55908d0505724358cda3384eaea707773b2c7e99586",
    "https://deno.land/std@0.193.0/path/_constants.ts": "e49961f6f4f48039c0dfed3c3f93e963ca3d92791c9d478ac5b43183413136e0",
    "https://deno.land/std@0.193.0/path/_interface.ts": "6471159dfbbc357e03882c2266d21ef9afdb1e4aa771b0545e90db58a0ba314b",
    "https://deno.land/std@0.193.0/path/_util.ts": "d7abb1e0dea065f427b89156e28cdeb32b045870acdf865833ba808a73b576d0",
    "https://deno.land/std@0.193.0/path/common.ts": "ee7505ab01fd22de3963b64e46cff31f40de34f9f8de1fff6a1bd2fe79380000",
    "https://deno.land/std@0.193.0/path/glob.ts": "d479e0a695621c94d3fd7fe7abd4f9499caf32a8de13f25073451c6ef420a4e1",
    "https://deno.land/std@0.193.0/path/mod.ts": "f065032a7189404fdac3ad1a1551a9ac84751d2f25c431e101787846c86c79ef",
    "https://deno.land/std@0.193.0/path/posix.ts": "8b7c67ac338714b30c816079303d0285dd24af6b284f7ad63da5b27372a2c94d",
    "https://deno.land/std@0.193.0/path/separator.ts": "0fb679739d0d1d7bf45b68dacfb4ec7563597a902edbaf3c59b50d5bcadd93b1",
    "https://deno.land/std@0.193.0/path/win32.ts": "d186344e5583bcbf8b18af416d13d82b35a317116e6460a5a3953508c3de5bba",
    "https://deno.land/std@0.193.0/streams/byte_slice_stream.ts": "225d57263a34325d7c96cb3dafeb478eec0e6fd05cd0458d678752eadd132bb4",
    "https://deno.land/std@0.193.0/toml/_parser.ts": "ca98edfbdbc5741734134548db65d4c10ba60abbd739f10f949aa912664fd86e",
    "https://deno.land/std@0.193.0/toml/parse.ts": "e900bafdf35d802519842a303e07a62ea5282186960b3474e8083509ab1c7f0d",
    "https://deno.land/std@0.193.0/version.ts": "90fe73cb597df8dd8780ea1b899a9231b991b83751bb104b3c8aa2c954f49dd7",
    "https://deno.land/std@0.193.0/yaml/_error.ts": "b59e2c76ce5a47b1b9fa0ff9f96c1dd92ea1e1b17ce4347ece5944a95c3c1a84",
    "https://deno.land/std@0.193.0/yaml/_loader/loader.ts": "47b9592efcb390b58b1903cc471bfdf1fc71a0d2d2b31e37b5cae7d8804c7aed",
    "https://deno.land/std@0.193.0/yaml/_loader/loader_state.ts": "0841870b467169269d7c2dfa75cd288c319bc06f65edd9e42c29e5fced91c7a4",
    "https://deno.land/std@0.193.0/yaml/_mark.ts": "dcd8585dee585e024475e9f3fe27d29740670fb64ebb970388094cad0fc11d5d",
    "https://deno.land/std@0.193.0/yaml/_state.ts": "ef03d55ec235d48dcfbecc0ab3ade90bfae69a61094846e08003421c2cf5cfc6",
    "https://deno.land/std@0.193.0/yaml/_type/binary.ts": "d34d8c8d8ed521e270cfede3401c425b971af4f6c69da1e2cb32b172d42c7da7",
    "https://deno.land/std@0.193.0/yaml/_type/bool.ts": "5bfa75da84343d45347b521ba4e5aeace9fe6f53447405290d53315a3fc20e66",
    "https://deno.land/std@0.193.0/yaml/_type/float.ts": "056bd3cb9c5586238b20517511014fb24b0e36f98f9f6073e12da308b6b9808a",
    "https://deno.land/std@0.193.0/yaml/_type/function.ts": "ff574fe84a750695302864e1c31b93f12d14ada4bde79a5f93197fc33ad17471",
    "https://deno.land/std@0.193.0/yaml/_type/int.ts": "563ad074f0fa7aecf6b6c3d84135bcc95a8269dcc15de878de20ce868fd773fa",
    "https://deno.land/std@0.193.0/yaml/_type/map.ts": "7b105e4ab03a361c61e7e335a0baf4d40f06460b13920e5af3fb2783a1464000",
    "https://deno.land/std@0.193.0/yaml/_type/merge.ts": "8192bf3e4d637f32567917f48bb276043da9cf729cf594e5ec191f7cd229337e",
    "https://deno.land/std@0.193.0/yaml/_type/mod.ts": "060e2b3d38725094b77ea3a3f05fc7e671fced8e67ca18e525be98c4aa8f4bbb",
    "https://deno.land/std@0.193.0/yaml/_type/nil.ts": "606e8f0c44d73117c81abec822f89ef81e40f712258c74f186baa1af659b8887",
    "https://deno.land/std@0.193.0/yaml/_type/omap.ts": "cfe59a294726f5cea705c39a61fd2b08199cf48f4ccd6b040cb550ec0f38d0a1",
    "https://deno.land/std@0.193.0/yaml/_type/pairs.ts": "0032fdfe57558d21696a4f8cf5b5cfd1f698743177080affc18629685c905666",
    "https://deno.land/std@0.193.0/yaml/_type/regexp.ts": "1ce118de15b2da43b4bd8e4395f42d448b731acf3bdaf7c888f40789f9a95f8b",
    "https://deno.land/std@0.193.0/yaml/_type/seq.ts": "95333abeec8a7e4d967b8c8328b269e342a4bbdd2585395549b9c4f58c8533a2",
    "https://deno.land/std@0.193.0/yaml/_type/set.ts": "f28ba44e632ef2a6eb580486fd47a460445eeddbdf1dbc739c3e62486f566092",
    "https://deno.land/std@0.193.0/yaml/_type/str.ts": "a67a3c6e429d95041399e964015511779b1130ea5889fa257c48457bd3446e31",
    "https://deno.land/std@0.193.0/yaml/_type/timestamp.ts": "706ea80a76a73e48efaeb400ace087da1f927647b53ad6f754f4e06d51af087f",
    "https://deno.land/std@0.193.0/yaml/_type/undefined.ts": "94a316ca450597ccbc6750cbd79097ad0d5f3a019797eed3c841a040c29540ba",
    "https://deno.land/std@0.193.0/yaml/_utils.ts": "26b311f0d42a7ce025060bd6320a68b50e52fd24a839581eb31734cd48e20393",
    "https://deno.land/std@0.193.0/yaml/parse.ts": "1fbbda572bf3fff578b6482c0d8b85097a38de3176bf3ab2ca70c25fb0c960ef",
    "https://deno.land/std@0.193.0/yaml/schema.ts": "96908b78dc50c340074b93fc1598d5e7e2fe59103f89ff81e5a49b2dedf77a67",
    "https://deno.land/std@0.193.0/yaml/schema/core.ts": "fa406f18ceedc87a50e28bb90ec7a4c09eebb337f94ef17468349794fa828639",
    "https://deno.land/std@0.193.0/yaml/schema/default.ts": "0047e80ae8a4a93293bc4c557ae8a546aabd46bb7165b9d9b940d57b4d88bde9",
    "https://deno.land/std@0.193.0/yaml/schema/extended.ts": "0784416bf062d20a1626b53c03380e265b3e39b9409afb9f4cb7d659fd71e60d",
    "https://deno.land/std@0.193.0/yaml/schema/failsafe.ts": "d219ab5febc43f770917d8ec37735a4b1ad671149846cbdcade767832b42b92b",
    "https://deno.land/std@0.193.0/yaml/schema/json.ts": "5f41dd7c2f1ad545ef6238633ce9ee3d444dfc5a18101e1768bd5504bf90e5e5",
    "https://deno.land/std@0.193.0/yaml/schema/mod.ts": "4472e827bab5025e92bc2eb2eeefa70ecbefc64b2799b765c69af84822efef32",
    "https://deno.land/std@0.193.0/yaml/type.ts": "1aabb8e0a3f4229ce0a3526256f68826d9bdf65a36c8a3890ead8011fcba7670",
    "https://deno.land/x/blog@0.7.0/blog.tsx": "f816705d3063ea8e0c0ae680ad55a214cab2071fde555f658f0c2e37d0727f9b",
    "https://deno.land/x/blog@0.7.0/components.tsx": "6d36eda9116a569fb85fa2adce781552a013b42864dd3fc3b48d961992c1619e",
    "https://deno.land/x/blog@0.7.0/deps.ts": "07b11ea7e82f3d0a4a192c90b080b0210638e26b70e71cca04ee57ed9213c992",
    "https://deno.land/x/emoji@0.3.0/all.json": "f0553b660db5e44e71ca46f637a06c2ec94f34445a920fcf319858094a91f46b",
    "https://deno.land/x/emoji@0.3.0/emoji.ts": "ad21fa393b2b96fb5999f58dec18e13628cc5d11aa370c42a2f7cc8e135d43d8",
    "https://deno.land/x/emoji@0.3.0/mod.ts": "9ef5a2fca1a633f29747b6d3254afd19545cef586128a8213a1003ee2808186d",
    "https://deno.land/x/emoji@0.3.0/unicode.ts": "ac8079e8e1da66ae9e601c1fdd0e7641120c2b07ca7bd2875e65fe23e16e6199",
    "https://deno.land/x/g_a@0.1.2/mod.ts": "6016891e4aa825a82e14782cf45be5705aa42f3ed5e8378200a6e0136239f572",
    "https://deno.land/x/gfm@0.2.5/deps.ts": "e6ce060304c2ee2be60d4d89addc94ea7bed50d98e9709155ec7bf3af6d41082",
    "https://deno.land/x/gfm@0.2.5/mod.ts": "1406486c02bfb707746e449559dc81ed0c4a9eada9a92dbb0d68cffa12069c45",
    "https://deno.land/x/gfm@0.2.5/style.js": "86de9308f5d108ee0976e296260eb634c7477a11a9bebf44e6f863a5b8fb6d6d",
    "https://deno.land/x/htm@0.1.3/html.tsx": "b1c1e8ff8af45dbdf4dd6d90dea37ff8e9c86c705f672f9b53911691ed12e6fd",
    "https://deno.land/x/htm@0.1.3/mod.ts": "93485a06c930907a40f09eb8d9deadf27aaaa228c5037a24be7a08b82c8b4bee",
    "https://deno.land/x/htm@0.1.3/plugins/color-scheme.ts": "e6aae324f7d28e2ad3a9c9dfa5665ba0e4cec2e05fabb04989dc124c0b5f6e36",
    "https://deno.land/x/htm@0.1.3/plugins/unocss.ts": "dca4739d3f07a243b14d072cc470537a8711e0b7218b4968e661d62ceeee6416",
    "https://esm.sh/@unocss/core@0.46.3": "c08aabfe509a7e73450060753686bd71c12f909dba8ce4747b0713ea573e1156",
    "https://esm.sh/@unocss/core@0.46.3/denonext/core.mjs": "fdc1c6e222424e1fa6c65df7fb991ec7a83a636292dd39542a4c70d11af96327",
    "https://esm.sh/@unocss/preset-wind@0.46.3/denonext/preset-wind.bundle.mjs": "5e6af2516fc009891714ff1cd21fa52f7217d1a29f85522cb2fdefaefda00bec",
    "https://esm.sh/@unocss/preset-wind@0.46.3?bundle&no-check": "2b64b163b0e16df1db11385fbbeaf910cd9aca841114812d1059d00ddfc262f4",
    "https://esm.sh/deepmerge@4.3.1/esnext/deepmerge.mjs": "1f448aaa83a52514faecb2edc02eb766c9eb10b935b9ac4c1c2a877a0bb56b80",
    "https://esm.sh/deepmerge@^4.2.2?target=esnext": "6b7c1f7d299638525a7880f86e51d8d0607ba7491d4bd269817e00f570601b76",
    "https://esm.sh/dom-serializer@2.0.0/esnext/dom-serializer.mjs": "0a0471f10aa71bc6181b0a1d2ec02144ec167af4e170af362eeefc5380b6c996",
    "https://esm.sh/dom-serializer@^2.0.0?target=esnext": "44879dbacefade9dbf05270993d598fd8d2768caf3fa7110af796825d102754e",
    "https://esm.sh/domelementtype@2.3.0/esnext/domelementtype.mjs": "4f3b57348729cd517560139eb1969ca2fe9cc58c5188abe56e7336d5cb557cc0",
    "https://esm.sh/domelementtype@^2.3.0?target=esnext": "f65f00857b5d3f343ee44b62ee04307272e9bee65f2d34cf07cecbccb77140c7",
    "https://esm.sh/domhandler@5.0.3/esnext/domhandler.mjs": "f0fea9734f45002a4f346baa0b26e3e7987fd2d051358f8fdc391f7de2b98dda",
    "https://esm.sh/domhandler@^5.0.3?target=esnext": "5bd6752f2ec98f1bc544ccfa50f58289852a3b88afef7508add836a91b1abe2b",
    "https://esm.sh/domutils@3.2.2/esnext/domutils.mjs": "b10b9cf233ad79dbe72ae00b1c66e80cb51b9afce10571ec484b8130819fb39a",
    "https://esm.sh/domutils@^3.0.1?target=esnext": "8d41d55c4194e1c78b3d83a8dc3370e6905f2f9f7a428abe9570bb7b8285eeac",
    "https://esm.sh/entities@4.5.0/esnext/entities.mjs": "4a9306e4021ae1079e83b5db26e1678c536fa69c8f2839802bc3cc43282cef08",
    "https://esm.sh/entities@4.5.0/esnext/lib/decode.mjs": "ef22e25f6bca668e40c4f7d4ecaebe2172a833a18372d55b54f997d0d8702dcd",
    "https://esm.sh/entities@4.5.0/esnext/lib/escape.mjs": "116aef78e5ff05efa6f79851b8b59da025ab88f5c25d2262f73df98f4d57c3fa",
    "https://esm.sh/entities@^4.2.0?target=esnext": "72619bbf39ce70e35cbe0df5c95b61cdc8dfac46d1025657b065409db75ccf02",
    "https://esm.sh/entities@^4.4.0/lib/decode?target=esnext": "10090cc0d71b219de74f3d6f799d8937dbae58614a479a85f98eabeb09f135b2",
    "https://esm.sh/escape-string-regexp@4.0.0/esnext/escape-string-regexp.mjs": "8b9ba1b04d86262e578b7ed6f847ab744d87f8c6fdc93d0ce4814066346f253c",
    "https://esm.sh/escape-string-regexp@^4.0.0?target=esnext": "4fc2892f4166b956d6fd61c74e40e3f6b4913d0984da4c297c9a29fe3c14f657",
    "https://esm.sh/feed@4.2.2": "dca62237661ed6cf5ca20d97a9138cc5727054bb5d1f741676402e7e95446acb",
    "https://esm.sh/feed@4.2.2/denonext/feed.mjs": "f61177a13d321ebe406b8c57004632d5dcb1bd366c57860e226668f41855ba12",
    "https://esm.sh/github-slugger@2.0.0/denonext/github-slugger.mjs": "8a2344aa76877552fbf3a155b45155c9fada7c3382260630d501ad21d4e4f706",
    "https://esm.sh/github-slugger@2.0.0?target=denonext": "d28cd7ca6c92db767c7d05e906b7cff215b9b90392306566e33a7763b1bbec33",
    "https://esm.sh/he@1.2.0": "bc304782debd103009d8ad8554a39142d747ad2bc3e41dd4925879611f5fd0dd",
    "https://esm.sh/he@1.2.0/denonext/he.mjs": "909418f242c58b64c65b0f18e3107395a3279a80c5521f0fc6551dbbe140ed14",
    "https://esm.sh/htmlparser2@8.0.2/esnext/htmlparser2.mjs": "d4f4a11aa982e1682f6c6124ffad788081881f8887f7d321e1a398e29093caac",
    "https://esm.sh/htmlparser2@8.0.2/esnext/lib/esm/Parser.mjs": "73c5c68c927a3f7ca9fe4cfa01ccc9dd485859d7831952e18d14eb94e28339b7",
    "https://esm.sh/htmlparser2@8.0.2/esnext/lib/esm/Tokenizer.mjs": "f4ccdbc4165d232b8dc371749893af47c9db7a5256ddc2ce0a06a2e2ec15415c",
    "https://esm.sh/htmlparser2@^8.0.0?target=esnext": "fea5b3b532eeb96d81b1177cbaf37e9577ddbfe404442085686d56b982e1375b",
    "https://esm.sh/katex@0.16.8/denonext/katex.mjs": "b8cc62eb1076a502b7f443b843c12310778bb9bc69b396ba4f4e9017ff8fce6e",
    "https://esm.sh/katex@0.16.8/dist/katex.mjs": "89be7a853a0e8b47dd921636918b8e8a5f5ee9a6580dfb4156e210829d19c451",
    "https://esm.sh/marked-gfm-heading-id@3.0.4/": "db188687fcec0dc677767e4945913807e0768527a8817c3006f1a500508c2fe3",
    "https://esm.sh/marked-gfm-heading-id@3.0.4/denonext/marked-gfm-heading-id.mjs": "6ac0aa084bb109d0d135d55f0d37092f1474a03d5795a19070880b185ab8a852",
    "https://esm.sh/marked-mangle@1.1.0": "370569d31ee8b79fb54f8642c0c481ce44a3f206018614624489224af1ad9253",
    "https://esm.sh/marked-mangle@1.1.0/denonext/marked-mangle.mjs": "b78f9cad69ca82c60c3a3f04fbd4d7f6e6cf0644893d6b32e7bf2516f0495ef5",
    "https://esm.sh/marked@5.1.0/": "4d6d832c9e8e0413b41823cd1fe1a950b21bd451199e74a217bc4a9c92c35076",
    "https://esm.sh/marked@5.1.0/denonext/marked.mjs": "95c002940dd74b4aadf94dae1ca8acdfe32fef674c664c8432046d730202499d",
    "https://esm.sh/nanoid@3.3.8/esnext/non-secure.mjs": "fddf4ab6510fe8b600cfa3fa6a38b05e275757135a156142d470fc7e544a600f",
    "https://esm.sh/nanoid@^3.3.8/non-secure?target=esnext": "920f8532a0e555289c7553d82428bdbbd3afc2c741d16aac67d67de881cf78f9",
    "https://esm.sh/node/buffer.mjs": "43d7ffab85c67adc0575a7d7c463e84a61ee8efc455d95665c8eb8d4a31e17cd",
    "https://esm.sh/node/chunk-2OF3LYRV.mjs": "d7de750c968c3ecde19048322afb56c171047475c042de0d183d636ec2261f5a",
    "https://esm.sh/node/chunk-5A4BT3HD.mjs": "b1e526e523e5ae29b61f2058adaeb20975c33ea4dd610582399df1a9311c39dc",
    "https://esm.sh/node/chunk-6GKFKS3A.mjs": "7902e4736377601004f9c88d66082a4ed0ab5615b4cd922011215527721916ab",
    "https://esm.sh/node/chunk-KJ4M6W4Z.mjs": "e758c20e0173250999825c305e42e2005ead5aae78927ccbd310d236254f434e",
    "https://esm.sh/node/fs.mjs": "5ba0de70aa86d4703260a4f1312d190ce8c4a586c31a30a7529bfb5c44cb1753",
    "https://esm.sh/node/path.mjs": "cae9540da52fce2321292b45936e839f523cb70fea4166feea75b764ddcff7e3",
    "https://esm.sh/node/process.mjs": "2c8eeaf6090c03d21bdcec5eddb33b105208c9ba3ef2c7be98f4d9b2495a624e",
    "https://esm.sh/node/querystring.mjs": "dedbd6385b2cb7999b4a245cc446100e3263e155ecdc51de07dbfda12907547b",
    "https://esm.sh/node/url.mjs": "74e9759ff9b2603b1f74134f1ae6d3844928245999314d7a88aceb81ed18454b",
    "https://esm.sh/parse-srcset@1.0.2/esnext/parse-srcset.mjs": "eaed6b50e95f4be186d52d09bdf27fc7f2cbdd18c300558b11e189db53e32c44",
    "https://esm.sh/parse-srcset@^1.0.2?target=esnext": "f48ce3f33d7e0e1a16b0a54642c95dcf299a22823b315a77abffe87ed20c9133",
    "https://esm.sh/picocolors@1.1.1/esnext/picocolors.mjs": "6e537224a8aadc11c580fc96615fc72ac2b1a8dedb817bf024905d6b8d78f83e",
    "https://esm.sh/picocolors@^1.1.1?target=esnext": "f73a6fbde16c3ba52dabe8c34d6e6860964cb22a6f1625d79ee2e9983e78273d",
    "https://esm.sh/postcss@8.5.1/esnext/lib/at-rule.mjs": "19ba20f24357e482d62d0279062ba9ec06e4f025ab5fd81e329155d691c6e032",
    "https://esm.sh/postcss@8.5.1/esnext/lib/comment.mjs": "38b12989cac10c0e7382499b8a86b05162f6b9f2c1539a2a2ad529c852c5db90",
    "https://esm.sh/postcss@8.5.1/esnext/lib/container.mjs": "97e60be226e040e09bb4ca84aa062d06e75ac41b445fad37716596b16ecaba2d",
    "https://esm.sh/postcss@8.5.1/esnext/lib/css-syntax-error.mjs": "6615be5f1959503ca6a697600fd5b3abfca0309af4091715446e7925579115c0",
    "https://esm.sh/postcss@8.5.1/esnext/lib/declaration.mjs": "b3edc67e5b8872bc09efb20acc50f18298d3eef50761221d600f75992ba4515f",
    "https://esm.sh/postcss@8.5.1/esnext/lib/document.mjs": "7b990eecf6f93ce72d449aaad32ff0b7c3ab8ae50d6e531be0c3f12bb38b6613",
    "https://esm.sh/postcss@8.5.1/esnext/lib/fromJSON.mjs": "f10a41062632f5e66bee502b9428216f53e7fb4546079d24e489531fea52db93",
    "https://esm.sh/postcss@8.5.1/esnext/lib/input.mjs": "c4206ee320aed75e320d1521e6c8b7f787253830d74dc2a36644dddb116080a4",
    "https://esm.sh/postcss@8.5.1/esnext/lib/lazy-result.mjs": "c7f22d5dfa8acc26aae56e5aa421629406b0d0d4c60f1186c0c57d63b364b5c7",
    "https://esm.sh/postcss@8.5.1/esnext/lib/list.mjs": "82a9b83f126b396d91cb6d935e4ff6d23e5b8b8da60da2cb73b8605a45202b3b",
    "https://esm.sh/postcss@8.5.1/esnext/lib/map-generator.mjs": "42a5e8424204daf684f281133589a3e63b0fef07985278da1385cda07399740e",
    "https://esm.sh/postcss@8.5.1/esnext/lib/no-work-result.mjs": "c65ea37fcf52c0f1ee7bf4de75479bad000b6de8cb4095b625c4a10a1ffb9f52",
    "https://esm.sh/postcss@8.5.1/esnext/lib/node.mjs": "7cd8f243ede3753091d5169ab8088d0a3370fcaab8f15ac895416498f1c66695",
    "https://esm.sh/postcss@8.5.1/esnext/lib/parse.mjs": "278afe48d435849439e48596d9df0a58c9852058a082c48371a70051e83f07c9",
    "https://esm.sh/postcss@8.5.1/esnext/lib/parser.mjs": "bf685e6cd9aa570f6cadf2de939cc69afe8e94f39de0b3a4b25feb76c96644e2",
    "https://esm.sh/postcss@8.5.1/esnext/lib/previous-map.mjs": "244168e1590d7617b77ee85e3ea4b4079620c08e7505dc1f6a9225810cb51519",
    "https://esm.sh/postcss@8.5.1/esnext/lib/processor.mjs": "5474b063f5d575f2038a56b97442e797064002c5ef1123d5a0b714e9718e622d",
    "https://esm.sh/postcss@8.5.1/esnext/lib/result.mjs": "edee7e43a01097007f1c796f5f44e986584bfb062d7570dea3a06fe0200577cd",
    "https://esm.sh/postcss@8.5.1/esnext/lib/root.mjs": "4a8d5e1bfc387c4a9e7c807636674375c1cdf5d2626567352ef33abf3fd48194",
    "https://esm.sh/postcss@8.5.1/esnext/lib/rule.mjs": "8b24ebd131af6bac3c9ff3fad634ed51add45412ca837fae97acaab685316457",
    "https://esm.sh/postcss@8.5.1/esnext/lib/stringifier.mjs": "43f231b376bb8d0fc03fbae4c3d2d624394ddcd8d348ebdadd32ff0b42edf9cc",
    "https://esm.sh/postcss@8.5.1/esnext/lib/stringify.mjs": "42b910ad8cdea468584a653a2101b88cbc93762f764c32880ea1ae185d012626",
    "https://esm.sh/postcss@8.5.1/esnext/lib/symbols.mjs": "192e7e34207d9c3c52506d624aad035c97438d651559360665d4e4c268c7b898",
    "https://esm.sh/postcss@8.5.1/esnext/lib/terminal-highlight.mjs": "7f1a0a46da69b3845b03c42f5a2916662945e9ae30ef26f64a6a0f4bfde8d589",
    "https://esm.sh/postcss@8.5.1/esnext/lib/tokenize.mjs": "e1e5706cc284b566998abea9bf4495ef6319f9c19e423d831e9d55f17436ae47",
    "https://esm.sh/postcss@8.5.1/esnext/lib/warn-once.mjs": "5064912f57d7cafd68c6f6ed9e6f7af9348359aae5c6dce4852de6e7e28c08cb",
    "https://esm.sh/postcss@8.5.1/esnext/lib/warning.mjs": "ccd00e6f21c2b1ac713c19e8f24a0fe8ecce21fb355025e3a7d5a2c98efe4613",
    "https://esm.sh/postcss@8.5.1/esnext/postcss.mjs": "b71fd54663410c492f596c97571fb6b71a2ea6e629e4fa811ada37e6ca65ef12",
    "https://esm.sh/postcss@^8.3.11?target=esnext": "183aa6c245f66737a690901ff81032f6840a0842a3a766b62b6825b62e154fb9",
    "https://esm.sh/preact-render-to-string@5.2.6/X-ZHByZWFjdEAxMC4xMS4y/denonext/preact-render-to-string.mjs": "bc9735f7d02226ed4c79a060ce5f20b6fc760789dcffb1252ec769f0d896354c",
    "https://esm.sh/preact-render-to-string@5.2.6?deps=preact@10.11.2": "64c6f9389c5b9a6829d1701b79af2020ac69e58fc277aa26f3992a7b64fc1d93",
    "https://esm.sh/preact@10.11.2": "18a7431ede15657273d53f1eed644aa7e11c8a57bffff2e6f1d2ef318c104feb",
    "https://esm.sh/preact@10.11.2/denonext/preact.mjs": "74f26f7298e0b45c65bea3b89513dbdd912dbf27d375ba5e629fbace3ec19600",
    "https://esm.sh/prismjs@1.29.0": "263ab9a7771b54d8a344ddfc031e31cb5aa0572c25773ea7d0a68cca6f91d060",
    "https://esm.sh/prismjs@1.29.0/components/prism-c?no-check": "d35163060a777c83e472115be512d2694776d37c864e7ade9202e756187d3b7b",
    "https://esm.sh/prismjs@1.29.0/denonext/components/prism-c.mjs": "cd4bae2fb9ff9a3ac410d75e2c671755fe95c9e9366c69405e72e61f382d5206",
    "https://esm.sh/prismjs@1.29.0/denonext/prismjs.mjs": "22ae3128203d6ca4793dae7e1728b8d7db21b54e373e9538cae7a61cce159630",
    "https://esm.sh/remove-markdown@0.5.0": "ecf214b0f066c6515626027535fcc5db3eaa191d4e4eb94dc075cc8bdbd5efb4",
    "https://esm.sh/remove-markdown@0.5.0/denonext/remove-markdown.mjs": "7c0ddad9c750edce5f222419d067f69e8d2f72e7850b1498ccfb555990f29deb",
    "https://esm.sh/sanitize-html@2.8.1/esnext/sanitize-html.mjs": "a17c2e34bf9b5fdbd2d3c1e0523799ad970ebc2604c65b63172151ea438c619c",
    "https://esm.sh/sanitize-html@2.8.1?target=esnext": "c836fe340c774ca6848fc2d32059d8cfa671cd3b07986549cb7ba9271f94ea06",
    "https://esm.sh/sax@1.4.1/denonext/sax.mjs": "f6b76bfda979cf50ea49b0f4c36fdba9ac24c2f5261e31df0adb662f505ef277",
    "https://esm.sh/sax@1.4.1?target=denonext": "e27842cb4e8dc59720f1f3df21075f69ddeb0b5c06bb055efcd72d1d59fefd79",
    "https://esm.sh/xml-js@1.6.11/denonext/xml-js.mjs": "e1863b42f0016edd5321d08aae2e92f6f856027ed813d5825a413fbbc0dfb875",
    "https://esm.sh/xml-js@1.6.11?target=denonext": "9f30bf1857f9da9c902c290b59f6b399c973d3dc7e35f11c5db2502aad733f63",
    "https://raw.githubusercontent.com/denoland/deno_blog/589c4750d001ae2a4e921385be558d97060e3933/blog.tsx": "487ab3787a36768fda85c041e2fa797c096e9ab567140c754543d63a55258e42",
    "https://raw.githubusercontent.com/denoland/deno_blog/589c4750d001ae2a4e921385be558d97060e3933/components.tsx": "3a51e21963ca926675e18a8fdb6a999e451997fd5bc359c03f7d7759411d8dfa",
    "https://raw.githubusercontent.com/denoland/deno_blog/589c4750d001ae2a4e921385be558d97060e3933/deps.ts": "c604dd6201bce583cae45b57c6e0eb44238d89eee9fea923b9e79f7bb9135e78",
    "https://raw.githubusercontent.com/denoland/deno_blog/refs/heads/main/blog.tsx": "487ab3787a36768fda85c041e2fa797c096e9ab567140c754543d63a55258e42",
    "https://raw.githubusercontent.com/denoland/deno_blog/refs/heads/main/components.tsx": "3a51e21963ca926675e18a8fdb6a999e451997fd5bc359c03f7d7759411d8dfa",
    "https://raw.githubusercontent.com/denoland/deno_blog/refs/heads/main/deps.ts": "c604dd6201bce583cae45b57c6e0eb44238d89eee9fea923b9e79f7bb9135e78",
    "https://raw.githubusercontent.com/denoland/deno_blog/refs/tags/0.7.0/blog.tsx": "f816705d3063ea8e0c0ae680ad55a214cab2071fde555f658f0c2e37d0727f9b",
    "https://raw.githubusercontent.com/denoland/deno_blog/refs/tags/0.7.0/components.tsx": "6d36eda9116a569fb85fa2adce781552a013b42864dd3fc3b48d961992c1619e",
    "https://raw.githubusercontent.com/denoland/deno_blog/refs/tags/0.7.0/deps.ts": "07b11ea7e82f3d0a4a192c90b080b0210638e26b70e71cca04ee57ed9213c992",
    "https://raw.githubusercontent.com/kt3k/callsites/v1.0.0/mod.ts": "a5fdfa7916d03459fd4830ca526d493d5f4ce0ea91619905d524c9a3a5c3cd15"
  }
}
